{
  "name": "@deltares/vue-components",
  "version": "0.0.0",
  "lockfileVersion": 1,
  "requires": true,
  "dependencies": {
    "@voorhoede/deltares-design-tokens": {
      "version": "1.1.0",
      "resolved": "https://registry.npmjs.org/@voorhoede/deltares-design-tokens/-/deltares-design-tokens-1.1.0.tgz",
      "integrity": "sha512-FPNGB2E9LNayiDQW13wAjH7CceRNmnNQhJY9Ql2A8Euws5LuPku56esuP48t9fBhry3m+YV22KFZALUzqMde7g=="
    }
  }
}
